
Microsoft Visual Studio Solution File, Format Version 12.00
# Visual Studio Version 17
VisualStudioVersion = 17.3.32929.385
MinimumVisualStudioVersion = 10.0.40219.1
Project("{FAE04EC0-301F-11D3-BF4B-00C04F79EFBC}") = "Quick Sort", "Quick Sort.csproj", "{466D1CD5-E719-4770-9474-B9237EED41D6}"
EndProject
Global
	GlobalSection(SolutionConfigurationPlatforms) = preSolution
		Debug|Any CPU = Debug|Any CPU
		Release|Any CPU = Release|Any CPU
	EndGlobalSection
	GlobalSection(ProjectConfigurationPlatforms) = postSolution
		{466D1CD5-E719-4770-9474-B9237EED41D6}.Debug|Any CPU.ActiveCfg = Debug|Any CPU
		{466D1CD5-E719-4770-9474-B9237EED41D6}.Debug|Any CPU.Build.0 = Debug|Any CPU
		{466D1CD5-E719-4770-9474-B9237EED41D6}.Release|Any CPU.ActiveCfg = Release|Any CPU
		{466D1CD5-E719-4770-9474-B9237EED41D6}.Release|Any CPU.Build.0 = Release|Any CPU
	EndGlobalSection
	GlobalSection(SolutionProperties) = preSolution
		HideSolutionNode = FALSE
	EndGlobalSection
	GlobalSection(ExtensibilityGlobals) = postSolution
		SolutionGuid = {13D0FB2B-37FA-4092-A399-A317C398C1F0}
	EndGlobalSection
EndGlobal
